
Microsoft Visual Studio Solution File, Format Version 12.00
# Visual Studio Version 16
VisualStudioVersion = 16.0.31702.278
MinimumVisualStudioVersion = 10.0.40219.1
Project("{FAE04EC0-301F-11D3-BF4B-00C04F79EFBC}") = "Homework23_10", "Homework23_10.csproj", "{FEEF70A6-C44E-412E-8183-67097E371897}"
EndProject
Project("{FAE04EC0-301F-11D3-BF4B-00C04F79EFBC}") = "HomeworkTM23_10", "..\HomeworkTM23_10\HomeworkTM23_10.csproj", "{D58BFD98-271E-4D95-BC09-1205B27D9A90}"
EndProject
Global
	GlobalSection(SolutionConfigurationPlatforms) = preSolution
		Debug|Any CPU = Debug|Any CPU
		Release|Any CPU = Release|Any CPU
	EndGlobalSection
	GlobalSection(ProjectConfigurationPlatforms) = postSolution
		{FEEF70A6-C44E-412E-8183-67097E371897}.Debug|Any CPU.ActiveCfg = Debug|Any CPU
		{FEEF70A6-C44E-412E-8183-67097E371897}.Debug|Any CPU.Build.0 = Debug|Any CPU
		{FEEF70A6-C44E-412E-8183-67097E371897}.Release|Any CPU.ActiveCfg = Release|Any CPU
		{FEEF70A6-C44E-412E-8183-67097E371897}.Release|Any CPU.Build.0 = Release|Any CPU
		{D58BFD98-271E-4D95-BC09-1205B27D9A90}.Debug|Any CPU.ActiveCfg = Debug|Any CPU
		{D58BFD98-271E-4D95-BC09-1205B27D9A90}.Debug|Any CPU.Build.0 = Debug|Any CPU
		{D58BFD98-271E-4D95-BC09-1205B27D9A90}.Release|Any CPU.ActiveCfg = Release|Any CPU
		{D58BFD98-271E-4D95-BC09-1205B27D9A90}.Release|Any CPU.Build.0 = Release|Any CPU
	EndGlobalSection
	GlobalSection(SolutionProperties) = preSolution
		HideSolutionNode = FALSE
	EndGlobalSection
	GlobalSection(ExtensibilityGlobals) = postSolution
		SolutionGuid = {C7366F64-EDC0-4D0D-B3E5-5371AB04B97A}
	EndGlobalSection
EndGlobal
